<Solution>
  <Folder Name="/src/">
    <Project Path="src/Accord.Imaging.Mac/Accord.Imaging.Mac.csproj" />
    <Project Path="src/NINA.Astrometry.Mac/NINA.Astrometry.Mac.csproj" />
    <Project Path="src/NINA.Core.Mac/NINA.Core.Mac.csproj" />
    <Project Path="src/NINA.Equipment.Mac/NINA.Equipment.Mac.csproj" />
    <Project Path="src/NINA.Image.Mac/NINA.Image.Mac.csproj" />
    <Project Path="src/NINA.Mac.App/NINA.Mac.App.csproj" />
    <Project Path="src/NINA.Mac.Equipment.Lx200/NINA.Mac.Equipment.Lx200.csproj" />
    <Project Path="src/NINA.Mac.ImageAnalysis/NINA.Mac.ImageAnalysis.csproj" />
    <Project Path="src/NINA.Mac.Lx200.Sim/NINA.Mac.Lx200.Sim.csproj" />
    <Project Path="src/NINA.Mac.Lx200/NINA.Mac.Lx200.csproj" />
    <Project Path="src/NINA.Mac.Lx200Probe/NINA.Mac.Lx200Probe.csproj" />
    <Project Path="src/NINA.Mac.Native/NINA.Mac.Native.csproj" />
    <Project Path="src/NINA.Mac.Platform/NINA.Mac.Platform.csproj" />
    <Project Path="src/NINA.Mac.RigTools/NINA.Mac.RigTools.csproj" />
    <Project Path="src/NINA.Mac.Sequencing/NINA.Mac.Sequencing.csproj" />
    <Project Path="src/NINA.Mac.Siril/NINA.Mac.Siril.csproj" />
    <Project Path="src/NINA.Mac.WpfCompat/NINA.Mac.WpfCompat.csproj" />
    <Project Path="src/NINA.Mac.ZwoProbe/NINA.Mac.ZwoProbe.csproj" />
    <Project Path="src/NINA.Platesolving.Mac/NINA.Platesolving.Mac.csproj" />
    <Project Path="src/NINA.Profile.Mac/NINA.Profile.Mac.csproj" />
    <Project Path="src/NINA.Sequencer.Generators.Mac/NINA.Sequencer.Generators.Mac.csproj" />
    <Project Path="src/NINA.Sequencer.Mac/NINA.Sequencer.Mac.csproj" />
    <Project Path="src/NINA.WPF.Base.Mac/NINA.WPF.Base.Mac.csproj" />
  </Folder>
  <Folder Name="/src/NINA.Mac.ImageAnalysis/" />
  <Folder Name="/src/NINA.Mac.ImageAnalysis/Accord/">
    <Project Path="src/NINA.Mac.ImageAnalysis/Accord/NINA.Mac.ImageAnalysis.Accord.csproj" />
  </Folder>
  <Folder Name="/src/NINA.Mac.ImageAnalysis/Cli/">
    <Project Path="src/NINA.Mac.ImageAnalysis/Cli/NINA.Mac.ImageAnalysis.Cli.csproj" />
  </Folder>
  <Folder Name="/src/NINA.Mac.RigTools/">
    <Project Path="src/NINA.Mac.RigTools/rigplan/rigplan.csproj" />
  </Folder>
  <Folder Name="/tests/">
    <Project Path="tests/NINA.Mac.App.Test/NINA.Mac.App.Test.csproj" />
    <Project Path="tests/NINA.Mac.Astrometry.Test/NINA.Mac.Astrometry.Test.csproj" />
    <Project Path="tests/NINA.Mac.Engine.Test/NINA.Mac.Engine.Test.csproj" />
    <Project Path="tests/NINA.Mac.Equipment.Lx200.Test/NINA.Mac.Equipment.Lx200.Test.csproj" />
    <Project Path="tests/NINA.Mac.Equipment.Test/NINA.Mac.Equipment.Test.csproj" />
    <Project Path="tests/NINA.Mac.Image.Test/NINA.Mac.Image.Test.csproj" />
    <Project Path="tests/NINA.Mac.ImageAnalysis.Test/NINA.Mac.ImageAnalysis.Test.csproj" />
    <Project Path="tests/NINA.Mac.Lx200.Test/NINA.Mac.Lx200.Test.csproj" />
    <Project Path="tests/NINA.Mac.Platesolving.Test/NINA.Mac.Platesolving.Test.csproj" />
    <Project Path="tests/NINA.Mac.RigTools.Test/NINA.Mac.RigTools.Test.csproj" />
    <Project Path="tests/NINA.Mac.Sequencer.Test/NINA.Mac.Sequencer.Test.csproj" />
    <Project Path="tests/NINA.Mac.Siril.Test/NINA.Mac.Siril.Test.csproj" />
    <Project Path="tests/NINA.Mac.Test/NINA.Mac.Test.csproj" />
  </Folder>
  <Folder Name="/tests/NINA.Mac.ImageAnalysis.Test/" />
  <Folder Name="/tests/NINA.Mac.ImageAnalysis.Test/AccordOracle/">
    <Project Path="tests/NINA.Mac.ImageAnalysis.Test/AccordOracle/NINA.Mac.ImageAnalysis.AccordOracle.csproj" />
  </Folder>
</Solution>
